
Microsoft Visual Studio Solution File, Format Version 12.00
# Visual Studio Version 16
VisualStudioVersion = 16.0.30907.101
MinimumVisualStudioVersion = 10.0.40219.1
Project("{FAE04EC0-301F-11D3-BF4B-00C04F79EFBC}") = "EnumerableTabellierung", "EnumerableTabellierung.csproj", "{B8458C5E-BE79-4C31-BBF9-6FB7EC1FC786}"
EndProject
Project("{FAE04EC0-301F-11D3-BF4B-00C04F79EFBC}") = "CSVTabellierungTester", "..\CSVTabellierungTester\CSVTabellierungTester.csproj", "{35DB3DDA-0DFD-4D1E-A80A-DD6B8756803E}"
EndProject
Global
	GlobalSection(SolutionConfigurationPlatforms) = preSolution
		Debug|Any CPU = Debug|Any CPU
		Release|Any CPU = Release|Any CPU
	EndGlobalSection
	GlobalSection(ProjectConfigurationPlatforms) = postSolution
		{B8458C5E-BE79-4C31-BBF9-6FB7EC1FC786}.Debug|Any CPU.ActiveCfg = Debug|Any CPU
		{B8458C5E-BE79-4C31-BBF9-6FB7EC1FC786}.Debug|Any CPU.Build.0 = Debug|Any CPU
		{B8458C5E-BE79-4C31-BBF9-6FB7EC1FC786}.Release|Any CPU.ActiveCfg = Release|Any CPU
		{B8458C5E-BE79-4C31-BBF9-6FB7EC1FC786}.Release|Any CPU.Build.0 = Release|Any CPU
		{35DB3DDA-0DFD-4D1E-A80A-DD6B8756803E}.Debug|Any CPU.ActiveCfg = Debug|Any CPU
		{35DB3DDA-0DFD-4D1E-A80A-DD6B8756803E}.Debug|Any CPU.Build.0 = Debug|Any CPU
		{35DB3DDA-0DFD-4D1E-A80A-DD6B8756803E}.Release|Any CPU.ActiveCfg = Release|Any CPU
		{35DB3DDA-0DFD-4D1E-A80A-DD6B8756803E}.Release|Any CPU.Build.0 = Release|Any CPU
	EndGlobalSection
	GlobalSection(SolutionProperties) = preSolution
		HideSolutionNode = FALSE
	EndGlobalSection
	GlobalSection(ExtensibilityGlobals) = postSolution
		SolutionGuid = {65EA133C-9FB4-4974-9590-DBC8A4E6486B}
	EndGlobalSection
EndGlobal
